// !$*UTF8*$!
{
	archiveVersion = 1;
	classes = {
	};
	objectVersion = 56;
	objects = {

/* Begin PBXBuildFile section */
		50BC67B02A0E8119009215C0 /* CircleWithMarksApp.swift in Sources */ = {isa = PBXBuildFile; fileRef = 50BC67AF2A0E8119009215C0 /* CircleWithMarksApp.swift */; };
		50BC67B22A0E8119009215C0 /* ContentView.swift in Sources */ = {isa = PBXBuildFile; fileRef = 50BC67B12A0E8119009215C0 /* ContentView.swift */; };
		50BC67B42A0E811B009215C0 /* Assets.xcassets in Resources */ = {isa = PBXBuildFile; fileRef = 50BC67B32A0E811B009215C0 /* Assets.xcassets */; };
		50BC67B72A0E811B009215C0 /* Preview Assets.xcassets in Resources */ = {isa = PBXBuildFile; fileRef = 50BC67B62A0E811B009215C0 /* Preview Assets.xcassets */; };
		50BC67BE2A0E9976009215C0 /* CircleView.swift in Sources */ = {isa = PBXBuildFile; fileRef = 50BC67BD2A0E9976009215C0 /* CircleView.swift */; };
		50BC67C02A0E99AF009215C0 /* MarkView.swift in Sources */ = {isa = PBXBuildFile; fileRef = 50BC67BF2A0E99AF009215C0 /* MarkView.swift */; };
		50BC67C22A0EA541009215C0 /* ButtonView.swift in Sources */ = {isa = PBXBuildFile; fileRef = 50BC67C12A0EA541009215C0 /* ButtonView.swift */; };
/* End PBXBuildFile section */

/* Begin PBXFileReference section */
		50BC67AC2A0E8119009215C0 /* CircleWithMarks.app */ = {isa = PBXFileReference; explicitFileType = wrapper.application; includeInIndex = 0; path = CircleWithMarks.app; sourceTree = BUILT_PRODUCTS_DIR; };
		50BC67AF2A0E8119009215C0 /* CircleWithMarksApp.swift */ = {isa = PBXFileReference; lastKnownFileType = sourcecode.swift; path = CircleWithMarksApp.swift; sourceTree = "<group>"; };
		50BC67B12A0E8119009215C0 /* ContentView.swift */ = {isa = PBXFileReference; lastKnownFileType = sourcecode.swift; path = ContentView.swift; sourceTree = "<group>"; };
		50BC67B32A0E811B009215C0 /* Assets.xcassets */ = {isa = PBXFileReference; lastKnownFileType = folder.assetcatalog; path = Assets.xcassets; sourceTree = "<group>"; };
		50BC67B62A0E811B009215C0 /* Preview Assets.xcassets */ = {isa = PBXFileReference; lastKnownFileType = folder.assetcatalog; path = "Preview Assets.xcassets"; sourceTree = "<group>"; };
		50BC67BD2A0E9976009215C0 /* CircleView.swift */ = {isa = PBXFileReference; lastKnownFileType = sourcecode.swift; path = CircleView.swift; sourceTree = "<group>"; };
		50BC67BF2A0E99AF009215C0 /* MarkView.swift */ = {isa = PBXFileReference; lastKnownFileType = sourcecode.swift; path = MarkView.swift; sourceTree = "<group>"; };
		50BC67C12A0EA541009215C0 /* ButtonView.swift */ = {isa = PBXFileReference; lastKnownFileType = sourcecode.swift; path = ButtonView.swift; sourceTree = "<group>"; };
/* End PBXFileReference section */

/* Begin PBXFrameworksBuildPhase section */
		50BC67A92A0E8119009215C0 /* Frameworks */ = {
			isa = PBXFrameworksBuildPhase;
			buildActionMask = 2147483647;
			files = (
			);
			runOnlyForDeploymentPostprocessing = 0;
		};
/* End PBXFrameworksBuildPhase section */

/* Begin PBXGroup section */
		50BC67A32A0E8118009215C0 = {
			isa = PBXGroup;
			children = (
				50BC67AE2A0E8119009215C0 /* CircleWithMarks */,
				50BC67AD2A0E8119009215C0 /* Products */,
			);
			sourceTree = "<group>";
		};
		50BC67AD2A0E8119009215C0 /* Products */ = {
			isa = PBXGroup;
			children = (
				50BC67AC2A0E8119009215C0 /* CircleWithMarks.app */,
			);
			name = Products;
			sourceTree = "<group>";
		};
		50BC67AE2A0E8119009215C0 /* CircleWithMarks */ = {
			isa = PBXGroup;
			children = (
				50BC67AF2A0E8119009215C0 /* CircleWithMarksApp.swift */,
				50BC67B12A0E8119009215C0 /* ContentView.swift */,
				50BC67BD2A0E9976009215C0 /* CircleView.swift */,
				50BC67BF2A0E99AF009215C0 /* MarkView.swift */,
				50BC67C12A0EA541009215C0 /* ButtonView.swift */,
				50BC67B32A0E811B009215C0 /* Assets.xcassets */,
				50BC67B52A0E811B009215C0 /* Preview Content */,
			);
			path = CircleWithMarks;
			sourceTree = "<group>";
		};
		50BC67B52A0E811B009215C0 /* Preview Content */ = {
			isa = PBXGroup;
			children = (
				50BC67B62A0E811B009215C0 /* Preview Assets.xcassets */,
			);
			path = "Preview Content";
			sourceTree = "<group>";
		};
/* End PBXGroup section */

/* Begin PBXNativeTarget section */
		50BC67AB2A0E8119009215C0 /* CircleWithMarks */ = {
			isa = PBXNativeTarget;
			buildConfigurationList = 50BC67BA2A0E811B009215C0 /* Build configuration list for PBXNativeTarget "CircleWithMarks" */;
			buildPhases = (
				50BC67A82A0E8119009215C0 /* Sources */,
				50BC67A92A0E8119009215C0 /* Frameworks */,
				50BC67AA2A0E8119009215C0 /* Resources */,
			);
			buildRules = (
			);
			dependencies = (
			);
			name = CircleWithMarks;
			productName = CircleWithMarks;
			productReference = 50BC67AC2A0E8119009215C0 /* CircleWithMarks.app */;
			productType = "com.apple.product-type.application";
		};
/* End PBXNativeTarget section */

/* Begin PBXProject section */
		50BC67A42A0E8118009215C0 /* Project object */ = {
			isa = PBXProject;
			attributes = {
				BuildIndependentTargetsInParallel = 1;
				LastSwiftUpdateCheck = 1420;
				LastUpgradeCheck = 1420;
				TargetAttributes = {
					50BC67AB2A0E8119009215C0 = {
						CreatedOnToolsVersion = 14.2;
					};
				};
			};
			buildConfigurationList = 50BC67A72A0E8118009215C0 /* Build configuration list for PBXProject "CircleWithMarks" */;
			compatibilityVersion = "Xcode 14.0";
			developmentRegion = en;
			hasScannedForEncodings = 0;
			knownRegions = (
				en,
				Base,
			);
			mainGroup = 50BC67A32A0E8118009215C0;
			productRefGroup = 50BC67AD2A0E8119009215C0 /* Products */;
			projectDirPath = "";
			projectRoot = "";
			targets = (
				50BC67AB2A0E8119009215C0 /* CircleWithMarks */,
			);
		};
/* End PBXProject section */

/* Begin PBXResourcesBuildPhase section */
		50BC67AA2A0E8119009215C0 /* Resources */ = {
			isa = PBXResourcesBuildPhase;
			buildActionMask = 2147483647;
			files = (
				50BC67B72A0E811B009215C0 /* Preview Assets.xcassets in Resources */,
				50BC67B42A0E811B009215C0 /* Assets.xcassets in Resources */,
			);
			runOnlyForDeploymentPostprocessing = 0;
		};
/* End PBXResourcesBuildPhase section */

/* Begin PBXSourcesBuildPhase section */
		50BC67A82A0E8119009215C0 /* Sources */ = {
			isa = PBXSourcesBuildPhase;
			buildActionMask = 2147483647;
			files = (
				50BC67BE2A0E9976009215C0 /* CircleView.swift in Sources */,
				50BC67B22A0E8119009215C0 /* ContentView.swift in Sources */,
				50BC67C22A0EA541009215C0 /* ButtonView.swift in Sources */,
				50BC67B02A0E8119009215C0 /* CircleWithMarksApp.swift in Sources */,
				50BC67C02A0E99AF009215C0 /* MarkView.swift in Sources */,
			);
			runOnlyForDeploymentPostprocessing = 0;
		};
/* End PBXSourcesBuildPhase section */

/* Begin XCBuildConfiguration section */
		50BC67B82A0E811B009215C0 /* Debug */ = {
			isa = XCBuildConfiguration;
			buildSettings = {
				ALWAYS_SEARCH_USER_PATHS = NO;
				CLANG_ANALYZER_NONNULL = YES;
				CLANG_ANALYZER_NUMBER_OBJECT_CONVERSION = YES_AGGRESSIVE;
				CLANG_CXX_LANGUAGE_STANDARD = "gnu++20";
				CLANG_ENABLE_MODULES = YES;
				CLANG_ENABLE_OBJC_ARC = YES;
				CLANG_ENABLE_OBJC_WEAK = YES;
				CLANG_WARN_BLOCK_CAPTURE_AUTORELEASING = YES;
				CLANG_WARN_BOOL_CONVERSION = YES;
				CLANG_WARN_COMMA = YES;
				CLANG_WARN_CONSTANT_CONVERSION = YES;
				CLANG_WARN_DEPRECATED_OBJC_IMPLEMENTATIONS = YES;
				CLANG_WARN_DIRECT_OBJC_ISA_USAGE = YES_ERROR;
				CLANG_WARN_DOCUMENTATION_COMMENTS = YES;
				CLANG_WARN_EMPTY_BODY = YES;
				CLANG_WARN_ENUM_CONVERSION = YES;
				CLANG_WARN_INFINITE_RECURSION = YES;
				CLANG_WARN_INT_CONVERSION = YES;
				CLANG_WARN_NON_LITERAL_NULL_CONVERSION = YES;
				CLANG_WARN_OBJC_IMPLICIT_RETAIN_SELF = YES;
				CLANG_WARN_OBJC_LITERAL_CONVERSION = YES;
				CLANG_WARN_OBJC_ROOT_CLASS = YES_ERROR;
				CLANG_WARN_QUOTED_INCLUDE_IN_FRAMEWORK_HEADER = YES;
				CLANG_WARN_RANGE_LOOP_ANALYSIS = YES;
				CLANG_WARN_STRICT_PROTOTYPES = YES;
				CLANG_WARN_SUSPICIOUS_MOVE = YES;
				CLANG_WARN_UNGUARDED_AVAILABILITY = YES_AGGRESSIVE;
				CLANG_WARN_UNREACHABLE_CODE = YES;
				CLANG_WARN__DUPLICATE_METHOD_MATCH = YES;
				COPY_PHASE_STRIP = NO;
				DEBUG_INFORMATION_FORMAT = dwarf;
				ENABLE_STRICT_OBJC_MSGSEND = YES;
				ENABLE_TESTABILITY = YES;
				GCC_C_LANGUAGE_STANDARD = gnu11;
				GCC_DYNAMIC_NO_PIC = NO;
				GCC_NO_COMMON_BLOCKS = YES;
				GCC_OPTIMIZATION_LEVEL = 0;
				GCC_PREPROCESSOR_DEFINITIONS = (
					"DEBUG=1",
					"$(inherited)",
				);
				GCC_WARN_64_TO_32_BIT_CONVERSION = YES;
				GCC_WARN_ABOUT_RETURN_TYPE = YES_ERROR;
				GCC_WARN_UNDECLARED_SELECTOR = YES;
				GCC_WARN_UNINITIALIZED_AUTOS = YES_AGGRESSIVE;
				GCC_WARN_UNUSED_FUNCTION = YES;
				GCC_WARN_UNUSED_VARIABLE = YES;
				IPHONEOS_DEPLOYMENT_TARGET = 16.2;
				MTL_ENABLE_DEBUG_INFO = INCLUDE_SOURCE;
				MTL_FAST_MATH = YES;
				ONLY_ACTIVE_ARCH = YES;
				SDKROOT = iphoneos;
				SWIFT_ACTIVE_COMPILATION_CONDITIONS = DEBUG;
				SWIFT_OPTIMIZATION_LEVEL = "-Onone";
			};
			name = Debug;
		};
		50BC67B92A0E811B009215C0 /* Release */ = {
			isa = XCBuildConfiguration;
			buildSettings = {
				ALWAYS_SEARCH_USER_PATHS = NO;
				CLANG_ANALYZER_NONNULL = YES;
				CLANG_ANALYZER_NUMBER_OBJECT_CONVERSION = YES_AGGRESSIVE;
				CLANG_CXX_LANGUAGE_STANDARD = "gnu++20";
				CLANG_ENABLE_MODULES = YES;
				CLANG_ENABLE_OBJC_ARC = YES;
				CLANG_ENABLE_OBJC_WEAK = YES;
				CLANG_WARN_BLOCK_CAPTURE_AUTORELEASING = YES;
				CLANG_WARN_BOOL_CONVERSION = YES;
				CLANG_WARN_COMMA = YES;
				CLANG_WARN_CONSTANT_CONVERSION = YES;
				CLANG_WARN_DEPRECATED_OBJC_IMPLEMENTATIONS = YES;
				CLANG_WARN_DIRECT_OBJC_ISA_USAGE = YES_ERROR;
				CLANG_WARN_DOCUMENTATION_COMMENTS = YES;
				CLANG_WARN_EMPTY_BODY = YES;
				CLANG_WARN_ENUM_CONVERSION = YES;
				CLANG_WARN_INFINITE_RECURSION = YES;
				CLANG_WARN_INT_CONVERSION = YES;
				CLANG_WARN_NON_LITERAL_NULL_CONVERSION = YES;
				CLANG_WARN_OBJC_IMPLICIT_RETAIN_SELF = YES;
				CLANG_WARN_OBJC_LITERAL_CONVERSION = YES;
				CLANG_WARN_OBJC_ROOT_CLASS = YES_ERROR;
				CLANG_WARN_QUOTED_INCLUDE_IN_FRAMEWORK_HEADER = YES;
				CLANG_WARN_RANGE_LOOP_ANALYSIS = YES;
				CLANG_WARN_STRICT_PROTOTYPES = YES;
				CLANG_WARN_SUSPICIOUS_MOVE = YES;
				CLANG_WARN_UNGUARDED_AVAILABILITY = YES_AGGRESSIVE;
				CLANG_WARN_UNREACHABLE_CODE = YES;
				CLANG_WARN__DUPLICATE_METHOD_MATCH = YES;
				COPY_PHASE_STRIP = NO;
				DEBUG_INFORMATION_FORMAT = "dwarf-with-dsym";
				ENABLE_NS_ASSERTIONS = NO;
				ENABLE_STRICT_OBJC_MSGSEND = YES;
				GCC_C_LANGUAGE_STANDARD = gnu11;
				GCC_NO_COMMON_BLOCKS = YES;
				GCC_WARN_64_TO_32_BIT_CONVERSION = YES;
				GCC_WARN_ABOUT_RETURN_TYPE = YES_ERROR;
				GCC_WARN_UNDECLARED_SELECTOR = YES;
				GCC_WARN_UNINITIALIZED_AUTOS = YES_AGGRESSIVE;
				GCC_WARN_UNUSED_FUNCTION = YES;
				GCC_WARN_UNUSED_VARIABLE = YES;
				IPHONEOS_DEPLOYMENT_TARGET = 16.2;
				MTL_ENABLE_DEBUG_INFO = NO;
				MTL_FAST_MATH = YES;
				SDKROOT = iphoneos;
				SWIFT_COMPILATION_MODE = wholemodule;
				SWIFT_OPTIMIZATION_LEVEL = "-O";
				VALIDATE_PRODUCT = YES;
			};
			name = Release;
		};
		50BC67BB2A0E811B009215C0 /* Debug */ = {
			isa = XCBuildConfiguration;
			buildSettings = {
				ASSETCATALOG_COMPILER_APPICON_NAME = AppIcon;
				ASSETCATALOG_COMPILER_GLOBAL_ACCENT_COLOR_NAME = AccentColor;
				CODE_SIGN_STYLE = Automatic;
				CURRENT_PROJECT_VERSION = 1;
				DEVELOPMENT_ASSET_PATHS = "\"CircleWithMarks/Preview Content\"";
				DEVELOPMENT_TEAM = PT982DDMHZ;
				ENABLE_PREVIEWS = YES;
				GENERATE_INFOPLIST_FILE = YES;
				INFOPLIST_KEY_UIApplicationSceneManifest_Generation = YES;
				INFOPLIST_KEY_UIApplicationSupportsIndirectInputEvents = YES;
				INFOPLIST_KEY_UILaunchScreen_Generation = YES;
				INFOPLIST_KEY_UISupportedInterfaceOrientations_iPad = "UIInterfaceOrientationPortrait UIInterfaceOrientationPortraitUpsideDown UIInterfaceOrientationLandscapeLeft UIInterfaceOrientationLandscapeRight";
				INFOPLIST_KEY_UISupportedInterfaceOrientations_iPhone = "UIInterfaceOrientationPortrait UIInterfaceOrientationLandscapeLeft UIInterfaceOrientationLandscapeRight";
				LD_RUNPATH_SEARCH_PATHS = (
					"$(inherited)",
					"@executable_path/Frameworks",
				);
				MARKETING_VERSION = 1.0;
				PRODUCT_BUNDLE_IDENTIFIER = MPol.CircleWithMarks;
				PRODUCT_NAME = "$(TARGET_NAME)";
				SWIFT_EMIT_LOC_STRINGS = YES;
				SWIFT_VERSION = 5.0;
				TARGETED_DEVICE_FAMILY = "1,2";
			};
			name = Debug;
		};
		50BC67BC2A0E811B009215C0 /* Release */ = {
			isa = XCBuildConfiguration;
			buildSettings = {
				ASSETCATALOG_COMPILER_APPICON_NAME = AppIcon;
				ASSETCATALOG_COMPILER_GLOBAL_ACCENT_COLOR_NAME = AccentColor;
				CODE_SIGN_STYLE = Automatic;
				CURRENT_PROJECT_VERSION = 1;
				DEVELOPMENT_ASSET_PATHS = "\"CircleWithMarks/Preview Content\"";
				DEVELOPMENT_TEAM = PT982DDMHZ;
				ENABLE_PREVIEWS = YES;
				GENERATE_INFOPLIST_FILE = YES;
				INFOPLIST_KEY_UIApplicationSceneManifest_Generation = YES;
				INFOPLIST_KEY_UIApplicationSupportsIndirectInputEvents = YES;
				INFOPLIST_KEY_UILaunchScreen_Generation = YES;
				INFOPLIST_KEY_UISupportedInterfaceOrientations_iPad = "UIInterfaceOrientationPortrait UIInterfaceOrientationPortraitUpsideDown UIInterfaceOrientationLandscapeLeft UIInterfaceOrientationLandscapeRight";
				INFOPLIST_KEY_UISupportedInterfaceOrientations_iPhone = "UIInterfaceOrientationPortrait UIInterfaceOrientationLandscapeLeft UIInterfaceOrientationLandscapeRight";
				LD_RUNPATH_SEARCH_PATHS = (
					"$(inherited)",
					"@executable_path/Frameworks",
				);
				MARKETING_VERSION = 1.0;
				PRODUCT_BUNDLE_IDENTIFIER = MPol.CircleWithMarks;
				PRODUCT_NAME = "$(TARGET_NAME)";
				SWIFT_EMIT_LOC_STRINGS = YES;
				SWIFT_VERSION = 5.0;
				TARGETED_DEVICE_FAMILY = "1,2";
			};
			name = Release;
		};
/* End XCBuildConfiguration section */

/* Begin XCConfigurationList section */
		50BC67A72A0E8118009215C0 /* Build configuration list for PBXProject "CircleWithMarks" */ = {
			isa = XCConfigurationList;
			buildConfigurations = (
				50BC67B82A0E811B009215C0 /* Debug */,
				50BC67B92A0E811B009215C0 /* Release */,
			);
			defaultConfigurationIsVisible = 0;
			defaultConfigurationName = Release;
		};
		50BC67BA2A0E811B009215C0 /* Build configuration list for PBXNativeTarget "CircleWithMarks" */ = {
			isa = XCConfigurationList;
			buildConfigurations = (
				50BC67BB2A0E811B009215C0 /* Debug */,
				50BC67BC2A0E811B009215C0 /* Release */,
			);
			defaultConfigurationIsVisible = 0;
			defaultConfigurationName = Release;
		};
/* End XCConfigurationList section */
	};
	rootObject = 50BC67A42A0E8118009215C0 /* Project object */;
}
